
Microsoft Visual Studio Solution File, Format Version 12.00
# Visual Studio Version 17
VisualStudioVersion = 17.13.35913.81 d17.13
MinimumVisualStudioVersion = 10.0.40219.1
Project("{FAE04EC0-301F-11D3-BF4B-00C04F79EFBC}") = "GIAPI", "GIAPI\GIAPI.csproj", "{A81D8369-5C50-4A4E-8E6C-80AB815DDF9B}"
EndProject
Global
	GlobalSection(SolutionConfigurationPlatforms) = preSolution
		Debug|Any CPU = Debug|Any CPU
		Release|Any CPU = Release|Any CPU
	EndGlobalSection
	GlobalSection(ProjectConfigurationPlatforms) = postSolution
		{A81D8369-5C50-4A4E-8E6C-80AB815DDF9B}.Debug|Any CPU.ActiveCfg = Debug|Any CPU
		{A81D8369-5C50-4A4E-8E6C-80AB815DDF9B}.Debug|Any CPU.Build.0 = Debug|Any CPU
		{A81D8369-5C50-4A4E-8E6C-80AB815DDF9B}.Release|Any CPU.ActiveCfg = Release|Any CPU
		{A81D8369-5C50-4A4E-8E6C-80AB815DDF9B}.Release|Any CPU.Build.0 = Release|Any CPU
	EndGlobalSection
	GlobalSection(SolutionProperties) = preSolution
		HideSolutionNode = FALSE
	EndGlobalSection
	GlobalSection(ExtensibilityGlobals) = postSolution
		SolutionGuid = {FB79B96B-D67A-4667-B7FB-5FD6A3918E75}
	EndGlobalSection
EndGlobal
